// !$*UTF8*$!
{
	archiveVersion = 1;
	classes = {
	};
	objectVersion = 46;
	objects = {

/* Begin PBXBuildFile section */
		C72F31DC1F6A995B00DFE853 /* AppDelegate.swift in Sources */ = {isa = PBXBuildFile; fileRef = C72F31DB1F6A995B00DFE853 /* AppDelegate.swift */; };
		C72F31DE1F6A995B00DFE853 /* ViewController.swift in Sources */ = {isa = PBXBuildFile; fileRef = C72F31DD1F6A995B00DFE853 /* ViewController.swift */; };
		C72F31E11F6A995B00DFE853 /* Main.storyboard in Resources */ = {isa = PBXBuildFile; fileRef = C72F31DF1F6A995B00DFE853 /* Main.storyboard */; };
		C72F31E31F6A995B00DFE853 /* Assets.xcassets in Resources */ = {isa = PBXBuildFile; fileRef = C72F31E21F6A995B00DFE853 /* Assets.xcassets */; };
		C72F31E61F6A995B00DFE853 /* LaunchScreen.storyboard in Resources */ = {isa = PBXBuildFile; fileRef = C72F31E41F6A995B00DFE853 /* LaunchScreen.storyboard */; };
		C72F31F11F6A995B00DFE853 /* RippleButtonTests.swift in Sources */ = {isa = PBXBuildFile; fileRef = C72F31F01F6A995B00DFE853 /* RippleButtonTests.swift */; };
		C72F31FC1F6A995B00DFE853 /* RippleButtonUITests.swift in Sources */ = {isa = PBXBuildFile; fileRef = C72F31FB1F6A995B00DFE853 /* RippleButtonUITests.swift */; };
		C72F320A1F6A996F00DFE853 /* RippleButton.swift in Sources */ = {isa = PBXBuildFile; fileRef = C72F32091F6A996F00DFE853 /* RippleButton.swift */; };
		C72F320C1F6A9B5F00DFE853 /* RippleCircleView.swift in Sources */ = {isa = PBXBuildFile; fileRef = C72F320B1F6A9B5F00DFE853 /* RippleCircleView.swift */; };
		C76845541F6B614200D8F0BC /* UIView+Extension.swift in Sources */ = {isa = PBXBuildFile; fileRef = C76845531F6B614200D8F0BC /* UIView+Extension.swift */; };
/* End PBXBuildFile section */

/* Begin PBXContainerItemProxy section */
		C72F31ED1F6A995B00DFE853 /* PBXContainerItemProxy */ = {
			isa = PBXContainerItemProxy;
			containerPortal = C72F31D01F6A995B00DFE853 /* Project object */;
			proxyType = 1;
			remoteGlobalIDString = C72F31D71F6A995B00DFE853;
			remoteInfo = RippleButton;
		};
		C72F31F81F6A995B00DFE853 /* PBXContainerItemProxy */ = {
			isa = PBXContainerItemProxy;
			containerPortal = C72F31D01F6A995B00DFE853 /* Project object */;
			proxyType = 1;
			remoteGlobalIDString = C72F31D71F6A995B00DFE853;
			remoteInfo = RippleButton;
		};
/* End PBXContainerItemProxy section */

/* Begin PBXFileReference section */
		C72F31D81F6A995B00DFE853 /* RippleButton.app */ = {isa = PBXFileReference; explicitFileType = wrapper.application; includeInIndex = 0; path = RippleButton.app; sourceTree = BUILT_PRODUCTS_DIR; };
		C72F31DB1F6A995B00DFE853 /* AppDelegate.swift */ = {isa = PBXFileReference; lastKnownFileType = sourcecode.swift; path = AppDelegate.swift; sourceTree = "<group>"; };
		C72F31DD1F6A995B00DFE853 /* ViewController.swift */ = {isa = PBXFileReference; lastKnownFileType = sourcecode.swift; path = ViewController.swift; sourceTree = "<group>"; };
		C72F31E01F6A995B00DFE853 /* Base */ = {isa = PBXFileReference; lastKnownFileType = file.storyboard; name = Base; path = Base.lproj/Main.storyboard; sourceTree = "<group>"; };
		C72F31E21F6A995B00DFE853 /* Assets.xcassets */ = {isa = PBXFileReference; lastKnownFileType = folder.assetcatalog; path = Assets.xcassets; sourceTree = "<group>"; };
		C72F31E51F6A995B00DFE853 /* Base */ = {isa = PBXFileReference; lastKnownFileType = file.storyboard; name = Base; path = Base.lproj/LaunchScreen.storyboard; sourceTree = "<group>"; };
		C72F31E71F6A995B00DFE853 /* Info.plist */ = {isa = PBXFileReference; lastKnownFileType = text.plist.xml; path = Info.plist; sourceTree = "<group>"; };
		C72F31EC1F6A995B00DFE853 /* RippleButtonTests.xctest */ = {isa = PBXFileReference; explicitFileType = wrapper.cfbundle; includeInIndex = 0; path = RippleButtonTests.xctest; sourceTree = BUILT_PRODUCTS_DIR; };
		C72F31F01F6A995B00DFE853 /* RippleButtonTests.swift */ = {isa = PBXFileReference; lastKnownFileType = sourcecode.swift; path = RippleButtonTests.swift; sourceTree = "<group>"; };
		C72F31F21F6A995B00DFE853 /* Info.plist */ = {isa = PBXFileReference; lastKnownFileType = text.plist.xml; path = Info.plist; sourceTree = "<group>"; };
		C72F31F71F6A995B00DFE853 /* RippleButtonUITests.xctest */ = {isa = PBXFileReference; explicitFileType = wrapper.cfbundle; includeInIndex = 0; path = RippleButtonUITests.xctest; sourceTree = BUILT_PRODUCTS_DIR; };
		C72F31FB1F6A995B00DFE853 /* RippleButtonUITests.swift */ = {isa = PBXFileReference; lastKnownFileType = sourcecode.swift; path = RippleButtonUITests.swift; sourceTree = "<group>"; };
		C72F31FD1F6A995B00DFE853 /* Info.plist */ = {isa = PBXFileReference; lastKnownFileType = text.plist.xml; path = Info.plist; sourceTree = "<group>"; };
		C72F32091F6A996F00DFE853 /* RippleButton.swift */ = {isa = PBXFileReference; fileEncoding = 4; lastKnownFileType = sourcecode.swift; path = RippleButton.swift; sourceTree = "<group>"; };
		C72F320B1F6A9B5F00DFE853 /* RippleCircleView.swift */ = {isa = PBXFileReference; fileEncoding = 4; lastKnownFileType = sourcecode.swift; path = RippleCircleView.swift; sourceTree = "<group>"; };
		C76845531F6B614200D8F0BC /* UIView+Extension.swift */ = {isa = PBXFileReference; lastKnownFileType = sourcecode.swift; path = "UIView+Extension.swift"; sourceTree = "<group>"; };
		C76845581F6B661700D8F0BC /* RippleButton-Bridging-Header.h */ = {isa = PBXFileReference; lastKnownFileType = sourcecode.c.h; path = "RippleButton-Bridging-Header.h"; sourceTree = "<group>"; };
		C76845591F6B661700D8F0BC /* UIImageEffects.m */ = {isa = PBXFileReference; lastKnownFileType = sourcecode.c.objc; path = UIImageEffects.m; sourceTree = "<group>"; };
		C768455A1F6B661800D8F0BC /* UIImageEffects.h */ = {isa = PBXFileReference; lastKnownFileType = sourcecode.c.h; path = UIImageEffects.h; sourceTree = "<group>"; };
/* End PBXFileReference section */

/* Begin PBXFrameworksBuildPhase section */
		C72F31D51F6A995B00DFE853 /* Frameworks */ = {
			isa = PBXFrameworksBuildPhase;
			buildActionMask = 2147483647;
			files = (
			);
			runOnlyForDeploymentPostprocessing = 0;
		};
		C72F31E91F6A995B00DFE853 /* Frameworks */ = {
			isa = PBXFrameworksBuildPhase;
			buildActionMask = 2147483647;
			files = (
			);
			runOnlyForDeploymentPostprocessing = 0;
		};
		C72F31F41F6A995B00DFE853 /* Frameworks */ = {
			isa = PBXFrameworksBuildPhase;
			buildActionMask = 2147483647;
			files = (
			);
			runOnlyForDeploymentPostprocessing = 0;
		};
/* End PBXFrameworksBuildPhase section */

/* Begin PBXGroup section */
		C72F31CF1F6A995B00DFE853 = {
			isa = PBXGroup;
			children = (
				C72F31DA1F6A995B00DFE853 /* RippleButton */,
				C72F31EF1F6A995B00DFE853 /* RippleButtonTests */,
				C72F31FA1F6A995B00DFE853 /* RippleButtonUITests */,
				C72F31D91F6A995B00DFE853 /* Products */,
			);
			sourceTree = "<group>";
		};
		C72F31D91F6A995B00DFE853 /* Products */ = {
			isa = PBXGroup;
			children = (
				C72F31D81F6A995B00DFE853 /* RippleButton.app */,
				C72F31EC1F6A995B00DFE853 /* RippleButtonTests.xctest */,
				C72F31F71F6A995B00DFE853 /* RippleButtonUITests.xctest */,
			);
			name = Products;
			sourceTree = "<group>";
		};
		C72F31DA1F6A995B00DFE853 /* RippleButton */ = {
			isa = PBXGroup;
			children = (
				C72F31DB1F6A995B00DFE853 /* AppDelegate.swift */,
				C72F31DD1F6A995B00DFE853 /* ViewController.swift */,
				C72F320B1F6A9B5F00DFE853 /* RippleCircleView.swift */,
				C72F32091F6A996F00DFE853 /* RippleButton.swift */,
				C76845531F6B614200D8F0BC /* UIView+Extension.swift */,
				C72F31DF1F6A995B00DFE853 /* Main.storyboard */,
				C72F31E21F6A995B00DFE853 /* Assets.xcassets */,
				C72F31E41F6A995B00DFE853 /* LaunchScreen.storyboard */,
				C72F31E71F6A995B00DFE853 /* Info.plist */,
				C76845551F6B660700D8F0BC /* UIImageEffects */,
			);
			path = RippleButton;
			sourceTree = "<group>";
		};
		C72F31EF1F6A995B00DFE853 /* RippleButtonTests */ = {
			isa = PBXGroup;
			children = (
				C72F31F01F6A995B00DFE853 /* RippleButtonTests.swift */,
				C72F31F21F6A995B00DFE853 /* Info.plist */,
			);
			path = RippleButtonTests;
			sourceTree = "<group>";
		};
		C72F31FA1F6A995B00DFE853 /* RippleButtonUITests */ = {
			isa = PBXGroup;
			children = (
				C72F31FB1F6A995B00DFE853 /* RippleButtonUITests.swift */,
				C72F31FD1F6A995B00DFE853 /* Info.plist */,
			);
			path = RippleButtonUITests;
			sourceTree = "<group>";
		};
		C76845551F6B660700D8F0BC /* UIImageEffects */ = {
			isa = PBXGroup;
			children = (
				C768455A1F6B661800D8F0BC /* UIImageEffects.h */,
				C76845591F6B661700D8F0BC /* UIImageEffects.m */,
				C76845581F6B661700D8F0BC /* RippleButton-Bridging-Header.h */,
			);
			path = UIImageEffects;
			sourceTree = "<group>";
		};
/* End PBXGroup section */

/* Begin PBXNativeTarget section */
		C72F31D71F6A995B00DFE853 /* RippleButton */ = {
			isa = PBXNativeTarget;
			buildConfigurationList = C72F32001F6A995B00DFE853 /* Build configuration list for PBXNativeTarget "RippleButton" */;
			buildPhases = (
				C72F31D41F6A995B00DFE853 /* Sources */,
				C72F31D51F6A995B00DFE853 /* Frameworks */,
				C72F31D61F6A995B00DFE853 /* Resources */,
			);
			buildRules = (
			);
			dependencies = (
			);
			name = RippleButton;
			productName = RippleButton;
			productReference = C72F31D81F6A995B00DFE853 /* RippleButton.app */;
			productType = "com.apple.product-type.application";
		};
		C72F31EB1F6A995B00DFE853 /* RippleButtonTests */ = {
			isa = PBXNativeTarget;
			buildConfigurationList = C72F32031F6A995B00DFE853 /* Build configuration list for PBXNativeTarget "RippleButtonTests" */;
			buildPhases = (
				C72F31E81F6A995B00DFE853 /* Sources */,
				C72F31E91F6A995B00DFE853 /* Frameworks */,
				C72F31EA1F6A995B00DFE853 /* Resources */,
			);
			buildRules = (
			);
			dependencies = (
				C72F31EE1F6A995B00DFE853 /* PBXTargetDependency */,
			);
			name = RippleButtonTests;
			productName = RippleButtonTests;
			productReference = C72F31EC1F6A995B00DFE853 /* RippleButtonTests.xctest */;
			productType = "com.apple.product-type.bundle.unit-test";
		};
		C72F31F61F6A995B00DFE853 /* RippleButtonUITests */ = {
			isa = PBXNativeTarget;
			buildConfigurationList = C72F32061F6A995B00DFE853 /* Build configuration list for PBXNativeTarget "RippleButtonUITests" */;
			buildPhases = (
				C72F31F31F6A995B00DFE853 /* Sources */,
				C72F31F41F6A995B00DFE853 /* Frameworks */,
				C72F31F51F6A995B00DFE853 /* Resources */,
			);
			buildRules = (
			);
			dependencies = (
				C72F31F91F6A995B00DFE853 /* PBXTargetDependency */,
			);
			name = RippleButtonUITests;
			productName = RippleButtonUITests;
			productReference = C72F31F71F6A995B00DFE853 /* RippleButtonUITests.xctest */;
			productType = "com.apple.product-type.bundle.ui-testing";
		};
/* End PBXNativeTarget section */

/* Begin PBXProject section */
		C72F31D01F6A995B00DFE853 /* Project object */ = {
			isa = PBXProject;
			attributes = {
				LastSwiftUpdateCheck = 0830;
				LastUpgradeCheck = 0830;
				ORGANIZATIONNAME = xhey;
				TargetAttributes = {
					C72F31D71F6A995B00DFE853 = {
						CreatedOnToolsVersion = 8.3.3;
						DevelopmentTeam = YL49D2HU6K;
						LastSwiftMigration = 0900;
						ProvisioningStyle = Automatic;
					};
					C72F31EB1F6A995B00DFE853 = {
						CreatedOnToolsVersion = 8.3.3;
						DevelopmentTeam = YL49D2HU6K;
						ProvisioningStyle = Automatic;
						TestTargetID = C72F31D71F6A995B00DFE853;
					};
					C72F31F61F6A995B00DFE853 = {
						CreatedOnToolsVersion = 8.3.3;
						DevelopmentTeam = YL49D2HU6K;
						ProvisioningStyle = Automatic;
						TestTargetID = C72F31D71F6A995B00DFE853;
					};
				};
			};
			buildConfigurationList = C72F31D31F6A995B00DFE853 /* Build configuration list for PBXProject "RippleButton" */;
			compatibilityVersion = "Xcode 3.2";
			developmentRegion = English;
			hasScannedForEncodings = 0;
			knownRegions = (
				en,
				Base,
			);
			mainGroup = C72F31CF1F6A995B00DFE853;
			productRefGroup = C72F31D91F6A995B00DFE853 /* Products */;
			projectDirPath = "";
			projectRoot = "";
			targets = (
				C72F31D71F6A995B00DFE853 /* RippleButton */,
				C72F31EB1F6A995B00DFE853 /* RippleButtonTests */,
				C72F31F61F6A995B00DFE853 /* RippleButtonUITests */,
			);
		};
/* End PBXProject section */

/* Begin PBXResourcesBuildPhase section */
		C72F31D61F6A995B00DFE853 /* Resources */ = {
			isa = PBXResourcesBuildPhase;
			buildActionMask = 2147483647;
			files = (
				C72F31E61F6A995B00DFE853 /* LaunchScreen.storyboard in Resources */,
				C72F31E31F6A995B00DFE853 /* Assets.xcassets in Resources */,
				C72F31E11F6A995B00DFE853 /* Main.storyboard in Resources */,
			);
			runOnlyForDeploymentPostprocessing = 0;
		};
		C72F31EA1F6A995B00DFE853 /* Resources */ = {
			isa = PBXResourcesBuildPhase;
			buildActionMask = 2147483647;
			files = (
			);
			runOnlyForDeploymentPostprocessing = 0;
		};
		C72F31F51F6A995B00DFE853 /* Resources */ = {
			isa = PBXResourcesBuildPhase;
			buildActionMask = 2147483647;
			files = (
			);
			runOnlyForDeploymentPostprocessing = 0;
		};
/* End PBXResourcesBuildPhase section */

/* Begin PBXSourcesBuildPhase section */
		C72F31D41F6A995B00DFE853 /* Sources */ = {
			isa = PBXSourcesBuildPhase;
			buildActionMask = 2147483647;
			files = (
				C72F320A1F6A996F00DFE853 /* RippleButton.swift in Sources */,
				C72F31DE1F6A995B00DFE853 /* ViewController.swift in Sources */,
				C72F320C1F6A9B5F00DFE853 /* RippleCircleView.swift in Sources */,
				C76845541F6B614200D8F0BC /* UIView+Extension.swift in Sources */,
				C72F31DC1F6A995B00DFE853 /* AppDelegate.swift in Sources */,
			);
			runOnlyForDeploymentPostprocessing = 0;
		};
		C72F31E81F6A995B00DFE853 /* Sources */ = {
			isa = PBXSourcesBuildPhase;
			buildActionMask = 2147483647;
			files = (
				C72F31F11F6A995B00DFE853 /* RippleButtonTests.swift in Sources */,
			);
			runOnlyForDeploymentPostprocessing = 0;
		};
		C72F31F31F6A995B00DFE853 /* Sources */ = {
			isa = PBXSourcesBuildPhase;
			buildActionMask = 2147483647;
			files = (
				C72F31FC1F6A995B00DFE853 /* RippleButtonUITests.swift in Sources */,
			);
			runOnlyForDeploymentPostprocessing = 0;
		};
/* End PBXSourcesBuildPhase section */

/* Begin PBXTargetDependency section */
		C72F31EE1F6A995B00DFE853 /* PBXTargetDependency */ = {
			isa = PBXTargetDependency;
			target = C72F31D71F6A995B00DFE853 /* RippleButton */;
			targetProxy = C72F31ED1F6A995B00DFE853 /* PBXContainerItemProxy */;
		};
		C72F31F91F6A995B00DFE853 /* PBXTargetDependency */ = {
			isa = PBXTargetDependency;
			target = C72F31D71F6A995B00DFE853 /* RippleButton */;
			targetProxy = C72F31F81F6A995B00DFE853 /* PBXContainerItemProxy */;
		};
/* End PBXTargetDependency section */

/* Begin PBXVariantGroup section */
		C72F31DF1F6A995B00DFE853 /* Main.storyboard */ = {
			isa = PBXVariantGroup;
			children = (
				C72F31E01F6A995B00DFE853 /* Base */,
			);
			name = Main.storyboard;
			sourceTree = "<group>";
		};
		C72F31E41F6A995B00DFE853 /* LaunchScreen.storyboard */ = {
			isa = PBXVariantGroup;
			children = (
				C72F31E51F6A995B00DFE853 /* Base */,
			);
			name = LaunchScreen.storyboard;
			sourceTree = "<group>";
		};
/* End PBXVariantGroup section */

/* Begin XCBuildConfiguration section */
		C72F31FE1F6A995B00DFE853 /* Debug */ = {
			isa = XCBuildConfiguration;
			buildSettings = {
				ALWAYS_SEARCH_USER_PATHS = NO;
				CLANG_ANALYZER_NONNULL = YES;
				CLANG_ANALYZER_NUMBER_OBJECT_CONVERSION = YES_AGGRESSIVE;
				CLANG_CXX_LANGUAGE_STANDARD = "gnu++0x";
				CLANG_CXX_LIBRARY = "libc++";
				CLANG_ENABLE_MODULES = YES;
				CLANG_ENABLE_OBJC_ARC = YES;
				CLANG_WARN_BOOL_CONVERSION = YES;
				CLANG_WARN_CONSTANT_CONVERSION = YES;
				CLANG_WARN_DIRECT_OBJC_ISA_USAGE = YES_ERROR;
				CLANG_WARN_DOCUMENTATION_COMMENTS = YES;
				CLANG_WARN_EMPTY_BODY = YES;
				CLANG_WARN_ENUM_CONVERSION = YES;
				CLANG_WARN_INFINITE_RECURSION = YES;
				CLANG_WARN_INT_CONVERSION = YES;
				CLANG_WARN_OBJC_ROOT_CLASS = YES_ERROR;
				CLANG_WARN_SUSPICIOUS_MOVE = YES;
				CLANG_WARN_UNREACHABLE_CODE = YES;
				CLANG_WARN__DUPLICATE_METHOD_MATCH = YES;
				"CODE_SIGN_IDENTITY[sdk=iphoneos*]" = "iPhone Developer";
				COPY_PHASE_STRIP = NO;
				DEBUG_INFORMATION_FORMAT = dwarf;
				ENABLE_STRICT_OBJC_MSGSEND = YES;
				ENABLE_TESTABILITY = YES;
				GCC_C_LANGUAGE_STANDARD = gnu99;
				GCC_DYNAMIC_NO_PIC = NO;
				GCC_NO_COMMON_BLOCKS = YES;
				GCC_OPTIMIZATION_LEVEL = 0;
				GCC_PREPROCESSOR_DEFINITIONS = (
					"DEBUG=1",
					"$(inherited)",
				);
				GCC_WARN_64_TO_32_BIT_CONVERSION = YES;
				GCC_WARN_ABOUT_RETURN_TYPE = YES_ERROR;
				GCC_WARN_UNDECLARED_SELECTOR = YES;
				GCC_WARN_UNINITIALIZED_AUTOS = YES_AGGRESSIVE;
				GCC_WARN_UNUSED_FUNCTION = YES;
				GCC_WARN_UNUSED_VARIABLE = YES;
				IPHONEOS_DEPLOYMENT_TARGET = 10.3;
				MTL_ENABLE_DEBUG_INFO = YES;
				ONLY_ACTIVE_ARCH = YES;
				SDKROOT = iphoneos;
				SWIFT_ACTIVE_COMPILATION_CONDITIONS = DEBUG;
				SWIFT_OPTIMIZATION_LEVEL = "-Onone";
				TARGETED_DEVICE_FAMILY = "1,2";
			};
			name = Debug;
		};
		C72F31FF1F6A995B00DFE853 /* Release */ = {
			isa = XCBuildConfiguration;
			buildSettings = {
				ALWAYS_SEARCH_USER_PATHS = NO;
				CLANG_ANALYZER_NONNULL = YES;
				CLANG_ANALYZER_NUMBER_OBJECT_CONVERSION = YES_AGGRESSIVE;
				CLANG_CXX_LANGUAGE_STANDARD = "gnu++0x";
				CLANG_CXX_LIBRARY = "libc++";
				CLANG_ENABLE_MODULES = YES;
				CLANG_ENABLE_OBJC_ARC = YES;
				CLANG_WARN_BOOL_CONVERSION = YES;
				CLANG_WARN_CONSTANT_CONVERSION = YES;
				CLANG_WARN_DIRECT_OBJC_ISA_USAGE = YES_ERROR;
				CLANG_WARN_DOCUMENTATION_COMMENTS = YES;
				CLANG_WARN_EMPTY_BODY = YES;
				CLANG_WARN_ENUM_CONVERSION = YES;
				CLANG_WARN_INFINITE_RECURSION = YES;
				CLANG_WARN_INT_CONVERSION = YES;
				CLANG_WARN_OBJC_ROOT_CLASS = YES_ERROR;
				CLANG_WARN_SUSPICIOUS_MOVE = YES;
				CLANG_WARN_UNREACHABLE_CODE = YES;
				CLANG_WARN__DUPLICATE_METHOD_MATCH = YES;
				"CODE_SIGN_IDENTITY[sdk=iphoneos*]" = "iPhone Developer";
				COPY_PHASE_STRIP = NO;
				DEBUG_INFORMATION_FORMAT = "dwarf-with-dsym";
				ENABLE_NS_ASSERTIONS = NO;
				ENABLE_STRICT_OBJC_MSGSEND = YES;
				GCC_C_LANGUAGE_STANDARD = gnu99;
				GCC_NO_COMMON_BLOCKS = YES;
				GCC_WARN_64_TO_32_BIT_CONVERSION = YES;
				GCC_WARN_ABOUT_RETURN_TYPE = YES_ERROR;
				GCC_WARN_UNDECLARED_SELECTOR = YES;
				GCC_WARN_UNINITIALIZED_AUTOS = YES_AGGRESSIVE;
				GCC_WARN_UNUSED_FUNCTION = YES;
				GCC_WARN_UNUSED_VARIABLE = YES;
				IPHONEOS_DEPLOYMENT_TARGET = 10.3;
				MTL_ENABLE_DEBUG_INFO = NO;
				SDKROOT = iphoneos;
				SWIFT_OPTIMIZATION_LEVEL = "-Owholemodule";
				TARGETED_DEVICE_FAMILY = "1,2";
				VALIDATE_PRODUCT = YES;
			};
			name = Release;
		};
		C72F32011F6A995B00DFE853 /* Debug */ = {
			isa = XCBuildConfiguration;
			buildSettings = {
				ASSETCATALOG_COMPILER_APPICON_NAME = AppIcon;
				CLANG_ENABLE_MODULES = YES;
				DEVELOPMENT_TEAM = YL49D2HU6K;
				INFOPLIST_FILE = RippleButton/Info.plist;
				LD_RUNPATH_SEARCH_PATHS = "$(inherited) @executable_path/Frameworks";
				PRODUCT_BUNDLE_IDENTIFIER = xhey.top.RippleButton;
				PRODUCT_NAME = "$(TARGET_NAME)";
				SWIFT_OBJC_BRIDGING_HEADER = "RippleButton/UIImageEffects/RippleButton-Bridging-Header.h";
				SWIFT_OPTIMIZATION_LEVEL = "-Onone";
				SWIFT_VERSION = 3.0;
			};
			name = Debug;
		};
		C72F32021F6A995B00DFE853 /* Release */ = {
			isa = XCBuildConfiguration;
			buildSettings = {
				ASSETCATALOG_COMPILER_APPICON_NAME = AppIcon;
				CLANG_ENABLE_MODULES = YES;
				DEVELOPMENT_TEAM = YL49D2HU6K;
				INFOPLIST_FILE = RippleButton/Info.plist;
				LD_RUNPATH_SEARCH_PATHS = "$(inherited) @executable_path/Frameworks";
				PRODUCT_BUNDLE_IDENTIFIER = xhey.top.RippleButton;
				PRODUCT_NAME = "$(TARGET_NAME)";
				SWIFT_OBJC_BRIDGING_HEADER = "RippleButton/UIImageEffects/RippleButton-Bridging-Header.h";
				SWIFT_VERSION = 3.0;
			};
			name = Release;
		};
		C72F32041F6A995B00DFE853 /* Debug */ = {
			isa = XCBuildConfiguration;
			buildSettings = {
				ALWAYS_EMBED_SWIFT_STANDARD_LIBRARIES = YES;
				BUNDLE_LOADER = "$(TEST_HOST)";
				DEVELOPMENT_TEAM = YL49D2HU6K;
				INFOPLIST_FILE = RippleButtonTests/Info.plist;
				LD_RUNPATH_SEARCH_PATHS = "$(inherited) @executable_path/Frameworks @loader_path/Frameworks";
				PRODUCT_BUNDLE_IDENTIFIER = xhey.top.RippleButtonTests;
				PRODUCT_NAME = "$(TARGET_NAME)";
				SWIFT_VERSION = 3.0;
				TEST_HOST = "$(BUILT_PRODUCTS_DIR)/RippleButton.app/RippleButton";
			};
			name = Debug;
		};
		C72F32051F6A995B00DFE853 /* Release */ = {
			isa = XCBuildConfiguration;
			buildSettings = {
				ALWAYS_EMBED_SWIFT_STANDARD_LIBRARIES = YES;
				BUNDLE_LOADER = "$(TEST_HOST)";
				DEVELOPMENT_TEAM = YL49D2HU6K;
				INFOPLIST_FILE = RippleButtonTests/Info.plist;
				LD_RUNPATH_SEARCH_PATHS = "$(inherited) @executable_path/Frameworks @loader_path/Frameworks";
				PRODUCT_BUNDLE_IDENTIFIER = xhey.top.RippleButtonTests;
				PRODUCT_NAME = "$(TARGET_NAME)";
				SWIFT_VERSION = 3.0;
				TEST_HOST = "$(BUILT_PRODUCTS_DIR)/RippleButton.app/RippleButton";
			};
			name = Release;
		};
		C72F32071F6A995B00DFE853 /* Debug */ = {
			isa = XCBuildConfiguration;
			buildSettings = {
				ALWAYS_EMBED_SWIFT_STANDARD_LIBRARIES = YES;
				DEVELOPMENT_TEAM = YL49D2HU6K;
				INFOPLIST_FILE = RippleButtonUITests/Info.plist;
				LD_RUNPATH_SEARCH_PATHS = "$(inherited) @executable_path/Frameworks @loader_path/Frameworks";
				PRODUCT_BUNDLE_IDENTIFIER = xhey.top.RippleButtonUITests;
				PRODUCT_NAME = "$(TARGET_NAME)";
				SWIFT_VERSION = 3.0;
				TEST_TARGET_NAME = RippleButton;
			};
			name = Debug;
		};
		C72F32081F6A995B00DFE853 /* Release */ = {
			isa = XCBuildConfiguration;
			buildSettings = {
				ALWAYS_EMBED_SWIFT_STANDARD_LIBRARIES = YES;
				DEVELOPMENT_TEAM = YL49D2HU6K;
				INFOPLIST_FILE = RippleButtonUITests/Info.plist;
				LD_RUNPATH_SEARCH_PATHS = "$(inherited) @executable_path/Frameworks @loader_path/Frameworks";
				PRODUCT_BUNDLE_IDENTIFIER = xhey.top.RippleButtonUITests;
				PRODUCT_NAME = "$(TARGET_NAME)";
				SWIFT_VERSION = 3.0;
				TEST_TARGET_NAME = RippleButton;
			};
			name = Release;
		};
/* End XCBuildConfiguration section */

/* Begin XCConfigurationList section */
		C72F31D31F6A995B00DFE853 /* Build configuration list for PBXProject "RippleButton" */ = {
			isa = XCConfigurationList;
			buildConfigurations = (
				C72F31FE1F6A995B00DFE853 /* Debug */,
				C72F31FF1F6A995B00DFE853 /* Release */,
			);
			defaultConfigurationIsVisible = 0;
			defaultConfigurationName = Release;
		};
		C72F32001F6A995B00DFE853 /* Build configuration list for PBXNativeTarget "RippleButton" */ = {
			isa = XCConfigurationList;
			buildConfigurations = (
				C72F32011F6A995B00DFE853 /* Debug */,
				C72F32021F6A995B00DFE853 /* Release */,
			);
			defaultConfigurationIsVisible = 0;
			defaultConfigurationName = Release;
		};
		C72F32031F6A995B00DFE853 /* Build configuration list for PBXNativeTarget "RippleButtonTests" */ = {
			isa = XCConfigurationList;
			buildConfigurations = (
				C72F32041F6A995B00DFE853 /* Debug */,
				C72F32051F6A995B00DFE853 /* Release */,
			);
			defaultConfigurationIsVisible = 0;
			defaultConfigurationName = Release;
		};
		C72F32061F6A995B00DFE853 /* Build configuration list for PBXNativeTarget "RippleButtonUITests" */ = {
			isa = XCConfigurationList;
			buildConfigurations = (
				C72F32071F6A995B00DFE853 /* Debug */,
				C72F32081F6A995B00DFE853 /* Release */,
			);
			defaultConfigurationIsVisible = 0;
			defaultConfigurationName = Release;
		};
/* End XCConfigurationList section */
	};
	rootObject = C72F31D01F6A995B00DFE853 /* Project object */;
}
